
Microsoft Visual Studio Solution File, Format Version 12.00
# Visual Studio Version 17
VisualStudioVersion = 17.14.36310.24 d17.14
MinimumVisualStudioVersion = 10.0.40219.1
Project("{2150E333-8FDC-42A3-9474-1A3956D46DE8}") = "Services", "Services", "{02EA681E-C7D8-13C7-8484-4AC65E1B71E8}"
EndProject
Project("{2150E333-8FDC-42A3-9474-1A3956D46DE8}") = "Catalog", "Catalog", "{6013078B-9F14-457B-B05F-9AED7B63C6CD}"
EndProject
Project("{FAE04EC0-301F-11D3-BF4B-00C04F79EFBC}") = "MultiShop.Catalog", "Services\Catalog\MultiShop.Catalog\MultiShop.Catalog.csproj", "{4E84A32D-CC65-42B0-B3B8-4DDF89427F2F}"
EndProject
Global
	GlobalSection(SolutionConfigurationPlatforms) = preSolution
		Debug|Any CPU = Debug|Any CPU
		Release|Any CPU = Release|Any CPU
	EndGlobalSection
	GlobalSection(ProjectConfigurationPlatforms) = postSolution
		{4E84A32D-CC65-42B0-B3B8-4DDF89427F2F}.Debug|Any CPU.ActiveCfg = Debug|Any CPU
		{4E84A32D-CC65-42B0-B3B8-4DDF89427F2F}.Debug|Any CPU.Build.0 = Debug|Any CPU
		{4E84A32D-CC65-42B0-B3B8-4DDF89427F2F}.Release|Any CPU.ActiveCfg = Release|Any CPU
		{4E84A32D-CC65-42B0-B3B8-4DDF89427F2F}.Release|Any CPU.Build.0 = Release|Any CPU
	EndGlobalSection
	GlobalSection(SolutionProperties) = preSolution
		HideSolutionNode = FALSE
	EndGlobalSection
	GlobalSection(NestedProjects) = preSolution
		{6013078B-9F14-457B-B05F-9AED7B63C6CD} = {02EA681E-C7D8-13C7-8484-4AC65E1B71E8}
		{4E84A32D-CC65-42B0-B3B8-4DDF89427F2F} = {6013078B-9F14-457B-B05F-9AED7B63C6CD}
	EndGlobalSection
	GlobalSection(ExtensibilityGlobals) = postSolution
		SolutionGuid = {7457BBD7-1799-4C88-9A48-75BA1DC4C1CD}
	EndGlobalSection
EndGlobal
